// !$*UTF8*$!
{
	archiveVersion = 1;
	classes = {
	};
	objectVersion = 56;
	objects = {

/* Begin PBXBuildFile section */
		A6F3A1782ABCB083004E7CC3 /* HolidayAnimationApp.swift in Sources */ = {isa = PBXBuildFile; fileRef = A6F3A1772ABCB083004E7CC3 /* HolidayAnimationApp.swift */; };
		A6F3A17A2ABCB083004E7CC3 /* ContentView.swift in Sources */ = {isa = PBXBuildFile; fileRef = A6F3A1792ABCB083004E7CC3 /* ContentView.swift */; };
		A6F3A17C2ABCB085004E7CC3 /* Assets.xcassets in Resources */ = {isa = PBXBuildFile; fileRef = A6F3A17B2ABCB085004E7CC3 /* Assets.xcassets */; };
		A6F3A17F2ABCB085004E7CC3 /* Preview Assets.xcassets in Resources */ = {isa = PBXBuildFile; fileRef = A6F3A17E2ABCB085004E7CC3 /* Preview Assets.xcassets */; };
		A6F3A1892ABCB085004E7CC3 /* HolidayAnimationTests.swift in Sources */ = {isa = PBXBuildFile; fileRef = A6F3A1882ABCB085004E7CC3 /* HolidayAnimationTests.swift */; };
		A6F3A1932ABCB085004E7CC3 /* HolidayAnimationUITests.swift in Sources */ = {isa = PBXBuildFile; fileRef = A6F3A1922ABCB085004E7CC3 /* HolidayAnimationUITests.swift */; };
		A6F3A1952ABCB085004E7CC3 /* HolidayAnimationUITestsLaunchTests.swift in Sources */ = {isa = PBXBuildFile; fileRef = A6F3A1942ABCB085004E7CC3 /* HolidayAnimationUITestsLaunchTests.swift */; };
		A6F3A1A62ABE2C04004E7CC3 /* ContentViewTwo.swift in Sources */ = {isa = PBXBuildFile; fileRef = A6F3A1A52ABE2C04004E7CC3 /* ContentViewTwo.swift */; };
		A6F3A1AA2ABE44DD004E7CC3 /* ContentViewThree.swift in Sources */ = {isa = PBXBuildFile; fileRef = A6F3A1A92ABE44DD004E7CC3 /* ContentViewThree.swift */; };
		A6F3A1AC2ABE749E004E7CC3 /* ContentViewFour.swift in Sources */ = {isa = PBXBuildFile; fileRef = A6F3A1AB2ABE749E004E7CC3 /* ContentViewFour.swift */; };
		A6F3A1BB2ABE9855004E7CC3 /* kidstar.ttf in Resources */ = {isa = PBXBuildFile; fileRef = A6F3A1BA2ABE982E004E7CC3 /* kidstar.ttf */; };
/* End PBXBuildFile section */

/* Begin PBXContainerItemProxy section */
		A6F3A1852ABCB085004E7CC3 /* PBXContainerItemProxy */ = {
			isa = PBXContainerItemProxy;
			containerPortal = A6F3A16C2ABCB083004E7CC3 /* Project object */;
			proxyType = 1;
			remoteGlobalIDString = A6F3A1732ABCB083004E7CC3;
			remoteInfo = HolidayAnimation;
		};
		A6F3A18F2ABCB085004E7CC3 /* PBXContainerItemProxy */ = {
			isa = PBXContainerItemProxy;
			containerPortal = A6F3A16C2ABCB083004E7CC3 /* Project object */;
			proxyType = 1;
			remoteGlobalIDString = A6F3A1732ABCB083004E7CC3;
			remoteInfo = HolidayAnimation;
		};
/* End PBXContainerItemProxy section */

/* Begin PBXFileReference section */
		A6F3A1742ABCB083004E7CC3 /* HolidayAnimation.app */ = {isa = PBXFileReference; explicitFileType = wrapper.application; includeInIndex = 0; path = HolidayAnimation.app; sourceTree = BUILT_PRODUCTS_DIR; };
		A6F3A1772ABCB083004E7CC3 /* HolidayAnimationApp.swift */ = {isa = PBXFileReference; lastKnownFileType = sourcecode.swift; path = HolidayAnimationApp.swift; sourceTree = "<group>"; };
		A6F3A1792ABCB083004E7CC3 /* ContentView.swift */ = {isa = PBXFileReference; lastKnownFileType = sourcecode.swift; path = ContentView.swift; sourceTree = "<group>"; };
		A6F3A17B2ABCB085004E7CC3 /* Assets.xcassets */ = {isa = PBXFileReference; lastKnownFileType = folder.assetcatalog; path = Assets.xcassets; sourceTree = "<group>"; };
		A6F3A17E2ABCB085004E7CC3 /* Preview Assets.xcassets */ = {isa = PBXFileReference; lastKnownFileType = folder.assetcatalog; path = "Preview Assets.xcassets"; sourceTree = "<group>"; };
		A6F3A1842ABCB085004E7CC3 /* HolidayAnimationTests.xctest */ = {isa = PBXFileReference; explicitFileType = wrapper.cfbundle; includeInIndex = 0; path = HolidayAnimationTests.xctest; sourceTree = BUILT_PRODUCTS_DIR; };
		A6F3A1882ABCB085004E7CC3 /* HolidayAnimationTests.swift */ = {isa = PBXFileReference; lastKnownFileType = sourcecode.swift; path = HolidayAnimationTests.swift; sourceTree = "<group>"; };
		A6F3A18E2ABCB085004E7CC3 /* HolidayAnimationUITests.xctest */ = {isa = PBXFileReference; explicitFileType = wrapper.cfbundle; includeInIndex = 0; path = HolidayAnimationUITests.xctest; sourceTree = BUILT_PRODUCTS_DIR; };
		A6F3A1922ABCB085004E7CC3 /* HolidayAnimationUITests.swift */ = {isa = PBXFileReference; lastKnownFileType = sourcecode.swift; path = HolidayAnimationUITests.swift; sourceTree = "<group>"; };
		A6F3A1942ABCB085004E7CC3 /* HolidayAnimationUITestsLaunchTests.swift */ = {isa = PBXFileReference; lastKnownFileType = sourcecode.swift; path = HolidayAnimationUITestsLaunchTests.swift; sourceTree = "<group>"; };
		A6F3A1A12ABCE809004E7CC3 /* Info.plist */ = {isa = PBXFileReference; lastKnownFileType = text.plist; path = Info.plist; sourceTree = "<group>"; };
		A6F3A1A52ABE2C04004E7CC3 /* ContentViewTwo.swift */ = {isa = PBXFileReference; lastKnownFileType = sourcecode.swift; path = ContentViewTwo.swift; sourceTree = "<group>"; };
		A6F3A1A92ABE44DD004E7CC3 /* ContentViewThree.swift */ = {isa = PBXFileReference; lastKnownFileType = sourcecode.swift; path = ContentViewThree.swift; sourceTree = "<group>"; };
		A6F3A1AB2ABE749E004E7CC3 /* ContentViewFour.swift */ = {isa = PBXFileReference; lastKnownFileType = sourcecode.swift; path = ContentViewFour.swift; sourceTree = "<group>"; };
		A6F3A1BA2ABE982E004E7CC3 /* kidstar.ttf */ = {isa = PBXFileReference; lastKnownFileType = file; path = kidstar.ttf; sourceTree = "<group>"; };
/* End PBXFileReference section */

/* Begin PBXFrameworksBuildPhase section */
		A6F3A1712ABCB083004E7CC3 /* Frameworks */ = {
			isa = PBXFrameworksBuildPhase;
			buildActionMask = 2147483647;
			files = (
			);
			runOnlyForDeploymentPostprocessing = 0;
		};
		A6F3A1812ABCB085004E7CC3 /* Frameworks */ = {
			isa = PBXFrameworksBuildPhase;
			buildActionMask = 2147483647;
			files = (
			);
			runOnlyForDeploymentPostprocessing = 0;
		};
		A6F3A18B2ABCB085004E7CC3 /* Frameworks */ = {
			isa = PBXFrameworksBuildPhase;
			buildActionMask = 2147483647;
			files = (
			);
			runOnlyForDeploymentPostprocessing = 0;
		};
/* End PBXFrameworksBuildPhase section */

/* Begin PBXGroup section */
		A6F3A16B2ABCB083004E7CC3 = {
			isa = PBXGroup;
			children = (
				A6F3A1762ABCB083004E7CC3 /* HolidayAnimation */,
				A6F3A1872ABCB085004E7CC3 /* HolidayAnimationTests */,
				A6F3A1912ABCB085004E7CC3 /* HolidayAnimationUITests */,
				A6F3A1752ABCB083004E7CC3 /* Products */,
			);
			sourceTree = "<group>";
		};
		A6F3A1752ABCB083004E7CC3 /* Products */ = {
			isa = PBXGroup;
			children = (
				A6F3A1742ABCB083004E7CC3 /* HolidayAnimation.app */,
				A6F3A1842ABCB085004E7CC3 /* HolidayAnimationTests.xctest */,
				A6F3A18E2ABCB085004E7CC3 /* HolidayAnimationUITests.xctest */,
			);
			name = Products;
			sourceTree = "<group>";
		};
		A6F3A1762ABCB083004E7CC3 /* HolidayAnimation */ = {
			isa = PBXGroup;
			children = (
				A6F3A1A12ABCE809004E7CC3 /* Info.plist */,
				A6F3A1772ABCB083004E7CC3 /* HolidayAnimationApp.swift */,
				A6F3A1A52ABE2C04004E7CC3 /* ContentViewTwo.swift */,
				A6F3A1792ABCB083004E7CC3 /* ContentView.swift */,
				A6F3A1AB2ABE749E004E7CC3 /* ContentViewFour.swift */,
				A6F3A1A92ABE44DD004E7CC3 /* ContentViewThree.swift */,
				A6F3A17B2ABCB085004E7CC3 /* Assets.xcassets */,
				A6F3A1BA2ABE982E004E7CC3 /* kidstar.ttf */,
				A6F3A17D2ABCB085004E7CC3 /* Preview Content */,
			);
			path = HolidayAnimation;
			sourceTree = "<group>";
		};
		A6F3A17D2ABCB085004E7CC3 /* Preview Content */ = {
			isa = PBXGroup;
			children = (
				A6F3A17E2ABCB085004E7CC3 /* Preview Assets.xcassets */,
			);
			path = "Preview Content";
			sourceTree = "<group>";
		};
		A6F3A1872ABCB085004E7CC3 /* HolidayAnimationTests */ = {
			isa = PBXGroup;
			children = (
				A6F3A1882ABCB085004E7CC3 /* HolidayAnimationTests.swift */,
			);
			path = HolidayAnimationTests;
			sourceTree = "<group>";
		};
		A6F3A1912ABCB085004E7CC3 /* HolidayAnimationUITests */ = {
			isa = PBXGroup;
			children = (
				A6F3A1922ABCB085004E7CC3 /* HolidayAnimationUITests.swift */,
				A6F3A1942ABCB085004E7CC3 /* HolidayAnimationUITestsLaunchTests.swift */,
			);
			path = HolidayAnimationUITests;
			sourceTree = "<group>";
		};
/* End PBXGroup section */

/* Begin PBXNativeTarget section */
		A6F3A1732ABCB083004E7CC3 /* HolidayAnimation */ = {
			isa = PBXNativeTarget;
			buildConfigurationList = A6F3A1982ABCB085004E7CC3 /* Build configuration list for PBXNativeTarget "HolidayAnimation" */;
			buildPhases = (
				A6F3A1702ABCB083004E7CC3 /* Sources */,
				A6F3A1712ABCB083004E7CC3 /* Frameworks */,
				A6F3A1722ABCB083004E7CC3 /* Resources */,
			);
			buildRules = (
			);
			dependencies = (
			);
			name = HolidayAnimation;
			productName = HolidayAnimation;
			productReference = A6F3A1742ABCB083004E7CC3 /* HolidayAnimation.app */;
			productType = "com.apple.product-type.application";
		};
		A6F3A1832ABCB085004E7CC3 /* HolidayAnimationTests */ = {
			isa = PBXNativeTarget;
			buildConfigurationList = A6F3A19B2ABCB085004E7CC3 /* Build configuration list for PBXNativeTarget "HolidayAnimationTests" */;
			buildPhases = (
				A6F3A1802ABCB085004E7CC3 /* Sources */,
				A6F3A1812ABCB085004E7CC3 /* Frameworks */,
				A6F3A1822ABCB085004E7CC3 /* Resources */,
			);
			buildRules = (
			);
			dependencies = (
				A6F3A1862ABCB085004E7CC3 /* PBXTargetDependency */,
			);
			name = HolidayAnimationTests;
			productName = HolidayAnimationTests;
			productReference = A6F3A1842ABCB085004E7CC3 /* HolidayAnimationTests.xctest */;
			productType = "com.apple.product-type.bundle.unit-test";
		};
		A6F3A18D2ABCB085004E7CC3 /* HolidayAnimationUITests */ = {
			isa = PBXNativeTarget;
			buildConfigurationList = A6F3A19E2ABCB085004E7CC3 /* Build configuration list for PBXNativeTarget "HolidayAnimationUITests" */;
			buildPhases = (
				A6F3A18A2ABCB085004E7CC3 /* Sources */,
				A6F3A18B2ABCB085004E7CC3 /* Frameworks */,
				A6F3A18C2ABCB085004E7CC3 /* Resources */,
			);
			buildRules = (
			);
			dependencies = (
				A6F3A1902ABCB085004E7CC3 /* PBXTargetDependency */,
			);
			name = HolidayAnimationUITests;
			productName = HolidayAnimationUITests;
			productReference = A6F3A18E2ABCB085004E7CC3 /* HolidayAnimationUITests.xctest */;
			productType = "com.apple.product-type.bundle.ui-testing";
		};
/* End PBXNativeTarget section */

/* Begin PBXProject section */
		A6F3A16C2ABCB083004E7CC3 /* Project object */ = {
			isa = PBXProject;
			attributes = {
				BuildIndependentTargetsInParallel = 1;
				LastSwiftUpdateCheck = 1430;
				LastUpgradeCheck = 1430;
				TargetAttributes = {
					A6F3A1732ABCB083004E7CC3 = {
						CreatedOnToolsVersion = 14.3.1;
					};
					A6F3A1832ABCB085004E7CC3 = {
						CreatedOnToolsVersion = 14.3.1;
						TestTargetID = A6F3A1732ABCB083004E7CC3;
					};
					A6F3A18D2ABCB085004E7CC3 = {
						CreatedOnToolsVersion = 14.3.1;
						TestTargetID = A6F3A1732ABCB083004E7CC3;
					};
				};
			};
			buildConfigurationList = A6F3A16F2ABCB083004E7CC3 /* Build configuration list for PBXProject "HolidayAnimation" */;
			compatibilityVersion = "Xcode 14.0";
			developmentRegion = en;
			hasScannedForEncodings = 0;
			knownRegions = (
				en,
				Base,
			);
			mainGroup = A6F3A16B2ABCB083004E7CC3;
			productRefGroup = A6F3A1752ABCB083004E7CC3 /* Products */;
			projectDirPath = "";
			projectRoot = "";
			targets = (
				A6F3A1732ABCB083004E7CC3 /* HolidayAnimation */,
				A6F3A1832ABCB085004E7CC3 /* HolidayAnimationTests */,
				A6F3A18D2ABCB085004E7CC3 /* HolidayAnimationUITests */,
			);
		};
/* End PBXProject section */

/* Begin PBXResourcesBuildPhase section */
		A6F3A1722ABCB083004E7CC3 /* Resources */ = {
			isa = PBXResourcesBuildPhase;
			buildActionMask = 2147483647;
			files = (
				A6F3A1BB2ABE9855004E7CC3 /* kidstar.ttf in Resources */,
				A6F3A17F2ABCB085004E7CC3 /* Preview Assets.xcassets in Resources */,
				A6F3A17C2ABCB085004E7CC3 /* Assets.xcassets in Resources */,
			);
			runOnlyForDeploymentPostprocessing = 0;
		};
		A6F3A1822ABCB085004E7CC3 /* Resources */ = {
			isa = PBXResourcesBuildPhase;
			buildActionMask = 2147483647;
			files = (
			);
			runOnlyForDeploymentPostprocessing = 0;
		};
		A6F3A18C2ABCB085004E7CC3 /* Resources */ = {
			isa = PBXResourcesBuildPhase;
			buildActionMask = 2147483647;
			files = (
			);
			runOnlyForDeploymentPostprocessing = 0;
		};
/* End PBXResourcesBuildPhase section */

/* Begin PBXSourcesBuildPhase section */
		A6F3A1702ABCB083004E7CC3 /* Sources */ = {
			isa = PBXSourcesBuildPhase;
			buildActionMask = 2147483647;
			files = (
				A6F3A1AC2ABE749E004E7CC3 /* ContentViewFour.swift in Sources */,
				A6F3A1A62ABE2C04004E7CC3 /* ContentViewTwo.swift in Sources */,
				A6F3A17A2ABCB083004E7CC3 /* ContentView.swift in Sources */,
				A6F3A1782ABCB083004E7CC3 /* HolidayAnimationApp.swift in Sources */,
				A6F3A1AA2ABE44DD004E7CC3 /* ContentViewThree.swift in Sources */,
			);
			runOnlyForDeploymentPostprocessing = 0;
		};
		A6F3A1802ABCB085004E7CC3 /* Sources */ = {
			isa = PBXSourcesBuildPhase;
			buildActionMask = 2147483647;
			files = (
				A6F3A1892ABCB085004E7CC3 /* HolidayAnimationTests.swift in Sources */,
			);
			runOnlyForDeploymentPostprocessing = 0;
		};
		A6F3A18A2ABCB085004E7CC3 /* Sources */ = {
			isa = PBXSourcesBuildPhase;
			buildActionMask = 2147483647;
			files = (
				A6F3A1952ABCB085004E7CC3 /* HolidayAnimationUITestsLaunchTests.swift in Sources */,
				A6F3A1932ABCB085004E7CC3 /* HolidayAnimationUITests.swift in Sources */,
			);
			runOnlyForDeploymentPostprocessing = 0;
		};
/* End PBXSourcesBuildPhase section */

/* Begin PBXTargetDependency section */
		A6F3A1862ABCB085004E7CC3 /* PBXTargetDependency */ = {
			isa = PBXTargetDependency;
			target = A6F3A1732ABCB083004E7CC3 /* HolidayAnimation */;
			targetProxy = A6F3A1852ABCB085004E7CC3 /* PBXContainerItemProxy */;
		};
		A6F3A1902ABCB085004E7CC3 /* PBXTargetDependency */ = {
			isa = PBXTargetDependency;
			target = A6F3A1732ABCB083004E7CC3 /* HolidayAnimation */;
			targetProxy = A6F3A18F2ABCB085004E7CC3 /* PBXContainerItemProxy */;
		};
/* End PBXTargetDependency section */

/* Begin XCBuildConfiguration section */
		A6F3A1962ABCB085004E7CC3 /* Debug */ = {
			isa = XCBuildConfiguration;
			buildSettings = {
				ALWAYS_SEARCH_USER_PATHS = NO;
				CLANG_ANALYZER_NONNULL = YES;
				CLANG_ANALYZER_NUMBER_OBJECT_CONVERSION = YES_AGGRESSIVE;
				CLANG_CXX_LANGUAGE_STANDARD = "gnu++20";
				CLANG_ENABLE_MODULES = YES;
				CLANG_ENABLE_OBJC_ARC = YES;
				CLANG_ENABLE_OBJC_WEAK = YES;
				CLANG_WARN_BLOCK_CAPTURE_AUTORELEASING = YES;
				CLANG_WARN_BOOL_CONVERSION = YES;
				CLANG_WARN_COMMA = YES;
				CLANG_WARN_CONSTANT_CONVERSION = YES;
				CLANG_WARN_DEPRECATED_OBJC_IMPLEMENTATIONS = YES;
				CLANG_WARN_DIRECT_OBJC_ISA_USAGE = YES_ERROR;
				CLANG_WARN_DOCUMENTATION_COMMENTS = YES;
				CLANG_WARN_EMPTY_BODY = YES;
				CLANG_WARN_ENUM_CONVERSION = YES;
				CLANG_WARN_INFINITE_RECURSION = YES;
				CLANG_WARN_INT_CONVERSION = YES;
				CLANG_WARN_NON_LITERAL_NULL_CONVERSION = YES;
				CLANG_WARN_OBJC_IMPLICIT_RETAIN_SELF = YES;
				CLANG_WARN_OBJC_LITERAL_CONVERSION = YES;
				CLANG_WARN_OBJC_ROOT_CLASS = YES_ERROR;
				CLANG_WARN_QUOTED_INCLUDE_IN_FRAMEWORK_HEADER = YES;
				CLANG_WARN_RANGE_LOOP_ANALYSIS = YES;
				CLANG_WARN_STRICT_PROTOTYPES = YES;
				CLANG_WARN_SUSPICIOUS_MOVE = YES;
				CLANG_WARN_UNGUARDED_AVAILABILITY = YES_AGGRESSIVE;
				CLANG_WARN_UNREACHABLE_CODE = YES;
				CLANG_WARN__DUPLICATE_METHOD_MATCH = YES;
				COPY_PHASE_STRIP = NO;
				DEBUG_INFORMATION_FORMAT = dwarf;
				ENABLE_STRICT_OBJC_MSGSEND = YES;
				ENABLE_TESTABILITY = YES;
				GCC_C_LANGUAGE_STANDARD = gnu11;
				GCC_DYNAMIC_NO_PIC = NO;
				GCC_NO_COMMON_BLOCKS = YES;
				GCC_OPTIMIZATION_LEVEL = 0;
				GCC_PREPROCESSOR_DEFINITIONS = (
					"DEBUG=1",
					"$(inherited)",
				);
				GCC_WARN_64_TO_32_BIT_CONVERSION = YES;
				GCC_WARN_ABOUT_RETURN_TYPE = YES_ERROR;
				GCC_WARN_UNDECLARED_SELECTOR = YES;
				GCC_WARN_UNINITIALIZED_AUTOS = YES_AGGRESSIVE;
				GCC_WARN_UNUSED_FUNCTION = YES;
				GCC_WARN_UNUSED_VARIABLE = YES;
				IPHONEOS_DEPLOYMENT_TARGET = 16.4;
				MTL_ENABLE_DEBUG_INFO = INCLUDE_SOURCE;
				MTL_FAST_MATH = YES;
				ONLY_ACTIVE_ARCH = YES;
				SDKROOT = iphoneos;
				SWIFT_ACTIVE_COMPILATION_CONDITIONS = DEBUG;
				SWIFT_OPTIMIZATION_LEVEL = "-Onone";
			};
			name = Debug;
		};
		A6F3A1972ABCB085004E7CC3 /* Release */ = {
			isa = XCBuildConfiguration;
			buildSettings = {
				ALWAYS_SEARCH_USER_PATHS = NO;
				CLANG_ANALYZER_NONNULL = YES;
				CLANG_ANALYZER_NUMBER_OBJECT_CONVERSION = YES_AGGRESSIVE;
				CLANG_CXX_LANGUAGE_STANDARD = "gnu++20";
				CLANG_ENABLE_MODULES = YES;
				CLANG_ENABLE_OBJC_ARC = YES;
				CLANG_ENABLE_OBJC_WEAK = YES;
				CLANG_WARN_BLOCK_CAPTURE_AUTORELEASING = YES;
				CLANG_WARN_BOOL_CONVERSION = YES;
				CLANG_WARN_COMMA = YES;
				CLANG_WARN_CONSTANT_CONVERSION = YES;
				CLANG_WARN_DEPRECATED_OBJC_IMPLEMENTATIONS = YES;
				CLANG_WARN_DIRECT_OBJC_ISA_USAGE = YES_ERROR;
				CLANG_WARN_DOCUMENTATION_COMMENTS = YES;
				CLANG_WARN_EMPTY_BODY = YES;
				CLANG_WARN_ENUM_CONVERSION = YES;
				CLANG_WARN_INFINITE_RECURSION = YES;
				CLANG_WARN_INT_CONVERSION = YES;
				CLANG_WARN_NON_LITERAL_NULL_CONVERSION = YES;
				CLANG_WARN_OBJC_IMPLICIT_RETAIN_SELF = YES;
				CLANG_WARN_OBJC_LITERAL_CONVERSION = YES;
				CLANG_WARN_OBJC_ROOT_CLASS = YES_ERROR;
				CLANG_WARN_QUOTED_INCLUDE_IN_FRAMEWORK_HEADER = YES;
				CLANG_WARN_RANGE_LOOP_ANALYSIS = YES;
				CLANG_WARN_STRICT_PROTOTYPES = YES;
				CLANG_WARN_SUSPICIOUS_MOVE = YES;
				CLANG_WARN_UNGUARDED_AVAILABILITY = YES_AGGRESSIVE;
				CLANG_WARN_UNREACHABLE_CODE = YES;
				CLANG_WARN__DUPLICATE_METHOD_MATCH = YES;
				COPY_PHASE_STRIP = NO;
				DEBUG_INFORMATION_FORMAT = "dwarf-with-dsym";
				ENABLE_NS_ASSERTIONS = NO;
				ENABLE_STRICT_OBJC_MSGSEND = YES;
				GCC_C_LANGUAGE_STANDARD = gnu11;
				GCC_NO_COMMON_BLOCKS = YES;
				GCC_WARN_64_TO_32_BIT_CONVERSION = YES;
				GCC_WARN_ABOUT_RETURN_TYPE = YES_ERROR;
				GCC_WARN_UNDECLARED_SELECTOR = YES;
				GCC_WARN_UNINITIALIZED_AUTOS = YES_AGGRESSIVE;
				GCC_WARN_UNUSED_FUNCTION = YES;
				GCC_WARN_UNUSED_VARIABLE = YES;
				IPHONEOS_DEPLOYMENT_TARGET = 16.4;
				MTL_ENABLE_DEBUG_INFO = NO;
				MTL_FAST_MATH = YES;
				SDKROOT = iphoneos;
				SWIFT_COMPILATION_MODE = wholemodule;
				SWIFT_OPTIMIZATION_LEVEL = "-O";
				VALIDATE_PRODUCT = YES;
			};
			name = Release;
		};
		A6F3A1992ABCB085004E7CC3 /* Debug */ = {
			isa = XCBuildConfiguration;
			buildSettings = {
				ASSETCATALOG_COMPILER_APPICON_NAME = AppIcon;
				ASSETCATALOG_COMPILER_GLOBAL_ACCENT_COLOR_NAME = AccentColor;
				CODE_SIGN_STYLE = Automatic;
				CURRENT_PROJECT_VERSION = 1;
				DEVELOPMENT_ASSET_PATHS = "\"HolidayAnimation/Preview Content\"";
				ENABLE_PREVIEWS = YES;
				GENERATE_INFOPLIST_FILE = YES;
				INFOPLIST_FILE = HolidayAnimation/Info.plist;
				INFOPLIST_KEY_UIApplicationSceneManifest_Generation = YES;
				INFOPLIST_KEY_UIApplicationSupportsIndirectInputEvents = YES;
				INFOPLIST_KEY_UILaunchScreen_Generation = YES;
				INFOPLIST_KEY_UISupportedInterfaceOrientations_iPad = "UIInterfaceOrientationPortrait UIInterfaceOrientationPortraitUpsideDown UIInterfaceOrientationLandscapeLeft UIInterfaceOrientationLandscapeRight";
				INFOPLIST_KEY_UISupportedInterfaceOrientations_iPhone = "UIInterfaceOrientationPortrait UIInterfaceOrientationLandscapeLeft UIInterfaceOrientationLandscapeRight";
				LD_RUNPATH_SEARCH_PATHS = (
					"$(inherited)",
					"@executable_path/Frameworks",
				);
				MARKETING_VERSION = 1.0;
				PRODUCT_BUNDLE_IDENTIFIER = "Emmas-Apps.HolidayAnimation";
				PRODUCT_NAME = "$(TARGET_NAME)";
				SWIFT_EMIT_LOC_STRINGS = YES;
				SWIFT_VERSION = 5.0;
				TARGETED_DEVICE_FAMILY = "1,2";
			};
			name = Debug;
		};
		A6F3A19A2ABCB085004E7CC3 /* Release */ = {
			isa = XCBuildConfiguration;
			buildSettings = {
				ASSETCATALOG_COMPILER_APPICON_NAME = AppIcon;
				ASSETCATALOG_COMPILER_GLOBAL_ACCENT_COLOR_NAME = AccentColor;
				CODE_SIGN_STYLE = Automatic;
				CURRENT_PROJECT_VERSION = 1;
				DEVELOPMENT_ASSET_PATHS = "\"HolidayAnimation/Preview Content\"";
				ENABLE_PREVIEWS = YES;
				GENERATE_INFOPLIST_FILE = YES;
				INFOPLIST_FILE = HolidayAnimation/Info.plist;
				INFOPLIST_KEY_UIApplicationSceneManifest_Generation = YES;
				INFOPLIST_KEY_UIApplicationSupportsIndirectInputEvents = YES;
				INFOPLIST_KEY_UILaunchScreen_Generation = YES;
				INFOPLIST_KEY_UISupportedInterfaceOrientations_iPad = "UIInterfaceOrientationPortrait UIInterfaceOrientationPortraitUpsideDown UIInterfaceOrientationLandscapeLeft UIInterfaceOrientationLandscapeRight";
				INFOPLIST_KEY_UISupportedInterfaceOrientations_iPhone = "UIInterfaceOrientationPortrait UIInterfaceOrientationLandscapeLeft UIInterfaceOrientationLandscapeRight";
				LD_RUNPATH_SEARCH_PATHS = (
					"$(inherited)",
					"@executable_path/Frameworks",
				);
				MARKETING_VERSION = 1.0;
				PRODUCT_BUNDLE_IDENTIFIER = "Emmas-Apps.HolidayAnimation";
				PRODUCT_NAME = "$(TARGET_NAME)";
				SWIFT_EMIT_LOC_STRINGS = YES;
				SWIFT_VERSION = 5.0;
				TARGETED_DEVICE_FAMILY = "1,2";
			};
			name = Release;
		};
		A6F3A19C2ABCB085004E7CC3 /* Debug */ = {
			isa = XCBuildConfiguration;
			buildSettings = {
				ALWAYS_EMBED_SWIFT_STANDARD_LIBRARIES = YES;
				BUNDLE_LOADER = "$(TEST_HOST)";
				CODE_SIGN_STYLE = Automatic;
				CURRENT_PROJECT_VERSION = 1;
				GENERATE_INFOPLIST_FILE = YES;
				IPHONEOS_DEPLOYMENT_TARGET = 16.4;
				MARKETING_VERSION = 1.0;
				PRODUCT_BUNDLE_IDENTIFIER = "Emmas-Apps.HolidayAnimationTests";
				PRODUCT_NAME = "$(TARGET_NAME)";
				SWIFT_EMIT_LOC_STRINGS = NO;
				SWIFT_VERSION = 5.0;
				TARGETED_DEVICE_FAMILY = "1,2";
				TEST_HOST = "$(BUILT_PRODUCTS_DIR)/HolidayAnimation.app/$(BUNDLE_EXECUTABLE_FOLDER_PATH)/HolidayAnimation";
			};
			name = Debug;
		};
		A6F3A19D2ABCB085004E7CC3 /* Release */ = {
			isa = XCBuildConfiguration;
			buildSettings = {
				ALWAYS_EMBED_SWIFT_STANDARD_LIBRARIES = YES;
				BUNDLE_LOADER = "$(TEST_HOST)";
				CODE_SIGN_STYLE = Automatic;
				CURRENT_PROJECT_VERSION = 1;
				GENERATE_INFOPLIST_FILE = YES;
				IPHONEOS_DEPLOYMENT_TARGET = 16.4;
				MARKETING_VERSION = 1.0;
				PRODUCT_BUNDLE_IDENTIFIER = "Emmas-Apps.HolidayAnimationTests";
				PRODUCT_NAME = "$(TARGET_NAME)";
				SWIFT_EMIT_LOC_STRINGS = NO;
				SWIFT_VERSION = 5.0;
				TARGETED_DEVICE_FAMILY = "1,2";
				TEST_HOST = "$(BUILT_PRODUCTS_DIR)/HolidayAnimation.app/$(BUNDLE_EXECUTABLE_FOLDER_PATH)/HolidayAnimation";
			};
			name = Release;
		};
		A6F3A19F2ABCB085004E7CC3 /* Debug */ = {
			isa = XCBuildConfiguration;
			buildSettings = {
				ALWAYS_EMBED_SWIFT_STANDARD_LIBRARIES = YES;
				CODE_SIGN_STYLE = Automatic;
				CURRENT_PROJECT_VERSION = 1;
				GENERATE_INFOPLIST_FILE = YES;
				MARKETING_VERSION = 1.0;
				PRODUCT_BUNDLE_IDENTIFIER = "Emmas-Apps.HolidayAnimationUITests";
				PRODUCT_NAME = "$(TARGET_NAME)";
				SWIFT_EMIT_LOC_STRINGS = NO;
				SWIFT_VERSION = 5.0;
				TARGETED_DEVICE_FAMILY = "1,2";
				TEST_TARGET_NAME = HolidayAnimation;
			};
			name = Debug;
		};
		A6F3A1A02ABCB085004E7CC3 /* Release */ = {
			isa = XCBuildConfiguration;
			buildSettings = {
				ALWAYS_EMBED_SWIFT_STANDARD_LIBRARIES = YES;
				CODE_SIGN_STYLE = Automatic;
				CURRENT_PROJECT_VERSION = 1;
				GENERATE_INFOPLIST_FILE = YES;
				MARKETING_VERSION = 1.0;
				PRODUCT_BUNDLE_IDENTIFIER = "Emmas-Apps.HolidayAnimationUITests";
				PRODUCT_NAME = "$(TARGET_NAME)";
				SWIFT_EMIT_LOC_STRINGS = NO;
				SWIFT_VERSION = 5.0;
				TARGETED_DEVICE_FAMILY = "1,2";
				TEST_TARGET_NAME = HolidayAnimation;
			};
			name = Release;
		};
/* End XCBuildConfiguration section */

/* Begin XCConfigurationList section */
		A6F3A16F2ABCB083004E7CC3 /* Build configuration list for PBXProject "HolidayAnimation" */ = {
			isa = XCConfigurationList;
			buildConfigurations = (
				A6F3A1962ABCB085004E7CC3 /* Debug */,
				A6F3A1972ABCB085004E7CC3 /* Release */,
			);
			defaultConfigurationIsVisible = 0;
			defaultConfigurationName = Release;
		};
		A6F3A1982ABCB085004E7CC3 /* Build configuration list for PBXNativeTarget "HolidayAnimation" */ = {
			isa = XCConfigurationList;
			buildConfigurations = (
				A6F3A1992ABCB085004E7CC3 /* Debug */,
				A6F3A19A2ABCB085004E7CC3 /* Release */,
			);
			defaultConfigurationIsVisible = 0;
			defaultConfigurationName = Release;
		};
		A6F3A19B2ABCB085004E7CC3 /* Build configuration list for PBXNativeTarget "HolidayAnimationTests" */ = {
			isa = XCConfigurationList;
			buildConfigurations = (
				A6F3A19C2ABCB085004E7CC3 /* Debug */,
				A6F3A19D2ABCB085004E7CC3 /* Release */,
			);
			defaultConfigurationIsVisible = 0;
			defaultConfigurationName = Release;
		};
		A6F3A19E2ABCB085004E7CC3 /* Build configuration list for PBXNativeTarget "HolidayAnimationUITests" */ = {
			isa = XCConfigurationList;
			buildConfigurations = (
				A6F3A19F2ABCB085004E7CC3 /* Debug */,
				A6F3A1A02ABCB085004E7CC3 /* Release */,
			);
			defaultConfigurationIsVisible = 0;
			defaultConfigurationName = Release;
		};
/* End XCConfigurationList section */
	};
	rootObject = A6F3A16C2ABCB083004E7CC3 /* Project object */;
}
